// !$*UTF8*$!
{
	archiveVersion = 1;
	classes = {
	};
	objectVersion = 55;
	objects = {

/* Begin PBXBuildFile section */
		37F00315277477DE001BB0ED /* MapView.swift in Sources */ = {isa = PBXBuildFile; fileRef = 37F00314277477DE001BB0ED /* MapView.swift */; };
		37F00316277477DE001BB0ED /* MapView.swift in Sources */ = {isa = PBXBuildFile; fileRef = 37F00314277477DE001BB0ED /* MapView.swift */; };
		37F860F5276B3B2C002AEA83 /* LandmarksApp.swift in Sources */ = {isa = PBXBuildFile; fileRef = 37F860E5276B3B2B002AEA83 /* LandmarksApp.swift */; };
		37F860F6276B3B2C002AEA83 /* LandmarksApp.swift in Sources */ = {isa = PBXBuildFile; fileRef = 37F860E5276B3B2B002AEA83 /* LandmarksApp.swift */; };
		37F860F7276B3B2C002AEA83 /* ContentView.swift in Sources */ = {isa = PBXBuildFile; fileRef = 37F860E6276B3B2B002AEA83 /* ContentView.swift */; };
		37F860F8276B3B2C002AEA83 /* ContentView.swift in Sources */ = {isa = PBXBuildFile; fileRef = 37F860E6276B3B2B002AEA83 /* ContentView.swift */; };
		37F860F9276B3B2C002AEA83 /* Assets.xcassets in Resources */ = {isa = PBXBuildFile; fileRef = 37F860E7276B3B2C002AEA83 /* Assets.xcassets */; };
		37F860FA276B3B2C002AEA83 /* Assets.xcassets in Resources */ = {isa = PBXBuildFile; fileRef = 37F860E7276B3B2C002AEA83 /* Assets.xcassets */; };
		37F86107276B40D7002AEA83 /* CircleImage.swift in Sources */ = {isa = PBXBuildFile; fileRef = 37F86106276B40D7002AEA83 /* CircleImage.swift */; };
		37F86108276B40D7002AEA83 /* CircleImage.swift in Sources */ = {isa = PBXBuildFile; fileRef = 37F86106276B40D7002AEA83 /* CircleImage.swift */; };
/* End PBXBuildFile section */

/* Begin PBXFileReference section */
		37F00314277477DE001BB0ED /* MapView.swift */ = {isa = PBXFileReference; lastKnownFileType = sourcecode.swift; path = MapView.swift; sourceTree = "<group>"; };
		37F860E5276B3B2B002AEA83 /* LandmarksApp.swift */ = {isa = PBXFileReference; lastKnownFileType = sourcecode.swift; path = LandmarksApp.swift; sourceTree = "<group>"; };
		37F860E6276B3B2B002AEA83 /* ContentView.swift */ = {isa = PBXFileReference; lastKnownFileType = sourcecode.swift; path = ContentView.swift; sourceTree = "<group>"; };
		37F860E7276B3B2C002AEA83 /* Assets.xcassets */ = {isa = PBXFileReference; lastKnownFileType = folder.assetcatalog; path = Assets.xcassets; sourceTree = "<group>"; };
		37F860EC276B3B2C002AEA83 /* Landmarks.app */ = {isa = PBXFileReference; explicitFileType = wrapper.application; includeInIndex = 0; path = Landmarks.app; sourceTree = BUILT_PRODUCTS_DIR; };
		37F860F2276B3B2C002AEA83 /* Landmarks.app */ = {isa = PBXFileReference; explicitFileType = wrapper.application; includeInIndex = 0; path = Landmarks.app; sourceTree = BUILT_PRODUCTS_DIR; };
		37F860F4276B3B2C002AEA83 /* macOS.entitlements */ = {isa = PBXFileReference; lastKnownFileType = text.plist.entitlements; path = macOS.entitlements; sourceTree = "<group>"; };
		37F86106276B40D7002AEA83 /* CircleImage.swift */ = {isa = PBXFileReference; lastKnownFileType = sourcecode.swift; path = CircleImage.swift; sourceTree = "<group>"; };
/* End PBXFileReference section */

/* Begin PBXFrameworksBuildPhase section */
		37F860E9276B3B2C002AEA83 /* Frameworks */ = {
			isa = PBXFrameworksBuildPhase;
			buildActionMask = 2147483647;
			files = (
			);
			runOnlyForDeploymentPostprocessing = 0;
		};
		37F860EF276B3B2C002AEA83 /* Frameworks */ = {
			isa = PBXFrameworksBuildPhase;
			buildActionMask = 2147483647;
			files = (
			);
			runOnlyForDeploymentPostprocessing = 0;
		};
/* End PBXFrameworksBuildPhase section */

/* Begin PBXGroup section */
		37F860DF276B3B2B002AEA83 = {
			isa = PBXGroup;
			children = (
				37F860E4276B3B2B002AEA83 /* Shared */,
				37F860F3276B3B2C002AEA83 /* macOS */,
				37F860ED276B3B2C002AEA83 /* Products */,
			);
			sourceTree = "<group>";
		};
		37F860E4276B3B2B002AEA83 /* Shared */ = {
			isa = PBXGroup;
			children = (
				37F860E5276B3B2B002AEA83 /* LandmarksApp.swift */,
				37F860E6276B3B2B002AEA83 /* ContentView.swift */,
				37F860E7276B3B2C002AEA83 /* Assets.xcassets */,
				37F86106276B40D7002AEA83 /* CircleImage.swift */,
				37F00314277477DE001BB0ED /* MapView.swift */,
			);
			path = Shared;
			sourceTree = "<group>";
		};
		37F860ED276B3B2C002AEA83 /* Products */ = {
			isa = PBXGroup;
			children = (
				37F860EC276B3B2C002AEA83 /* Landmarks.app */,
				37F860F2276B3B2C002AEA83 /* Landmarks.app */,
			);
			name = Products;
			sourceTree = "<group>";
		};
		37F860F3276B3B2C002AEA83 /* macOS */ = {
			isa = PBXGroup;
			children = (
				37F860F4276B3B2C002AEA83 /* macOS.entitlements */,
			);
			path = macOS;
			sourceTree = "<group>";
		};
/* End PBXGroup section */

/* Begin PBXNativeTarget section */
		37F860EB276B3B2C002AEA83 /* Landmarks (iOS) */ = {
			isa = PBXNativeTarget;
			buildConfigurationList = 37F860FD276B3B2C002AEA83 /* Build configuration list for PBXNativeTarget "Landmarks (iOS)" */;
			buildPhases = (
				37F860E8276B3B2C002AEA83 /* Sources */,
				37F860E9276B3B2C002AEA83 /* Frameworks */,
				37F860EA276B3B2C002AEA83 /* Resources */,
			);
			buildRules = (
			);
			dependencies = (
			);
			name = "Landmarks (iOS)";
			productName = "Landmarks (iOS)";
			productReference = 37F860EC276B3B2C002AEA83 /* Landmarks.app */;
			productType = "com.apple.product-type.application";
		};
		37F860F1276B3B2C002AEA83 /* Landmarks (macOS) */ = {
			isa = PBXNativeTarget;
			buildConfigurationList = 37F86100276B3B2C002AEA83 /* Build configuration list for PBXNativeTarget "Landmarks (macOS)" */;
			buildPhases = (
				37F860EE276B3B2C002AEA83 /* Sources */,
				37F860EF276B3B2C002AEA83 /* Frameworks */,
				37F860F0276B3B2C002AEA83 /* Resources */,
			);
			buildRules = (
			);
			dependencies = (
			);
			name = "Landmarks (macOS)";
			productName = "Landmarks (macOS)";
			productReference = 37F860F2276B3B2C002AEA83 /* Landmarks.app */;
			productType = "com.apple.product-type.application";
		};
/* End PBXNativeTarget section */

/* Begin PBXProject section */
		37F860E0276B3B2B002AEA83 /* Project object */ = {
			isa = PBXProject;
			attributes = {
				BuildIndependentTargetsInParallel = 1;
				LastSwiftUpdateCheck = 1310;
				LastUpgradeCheck = 1310;
				TargetAttributes = {
					37F860EB276B3B2C002AEA83 = {
						CreatedOnToolsVersion = 13.1;
					};
					37F860F1276B3B2C002AEA83 = {
						CreatedOnToolsVersion = 13.1;
					};
				};
			};
			buildConfigurationList = 37F860E3276B3B2B002AEA83 /* Build configuration list for PBXProject "Landmarks" */;
			compatibilityVersion = "Xcode 13.0";
			developmentRegion = en;
			hasScannedForEncodings = 0;
			knownRegions = (
				en,
				Base,
			);
			mainGroup = 37F860DF276B3B2B002AEA83;
			productRefGroup = 37F860ED276B3B2C002AEA83 /* Products */;
			projectDirPath = "";
			projectRoot = "";
			targets = (
				37F860EB276B3B2C002AEA83 /* Landmarks (iOS) */,
				37F860F1276B3B2C002AEA83 /* Landmarks (macOS) */,
			);
		};
/* End PBXProject section */

/* Begin PBXResourcesBuildPhase section */
		37F860EA276B3B2C002AEA83 /* Resources */ = {
			isa = PBXResourcesBuildPhase;
			buildActionMask = 2147483647;
			files = (
				37F860F9276B3B2C002AEA83 /* Assets.xcassets in Resources */,
			);
			runOnlyForDeploymentPostprocessing = 0;
		};
		37F860F0276B3B2C002AEA83 /* Resources */ = {
			isa = PBXResourcesBuildPhase;
			buildActionMask = 2147483647;
			files = (
				37F860FA276B3B2C002AEA83 /* Assets.xcassets in Resources */,
			);
			runOnlyForDeploymentPostprocessing = 0;
		};
/* End PBXResourcesBuildPhase section */

/* Begin PBXSourcesBuildPhase section */
		37F860E8276B3B2C002AEA83 /* Sources */ = {
			isa = PBXSourcesBuildPhase;
			buildActionMask = 2147483647;
			files = (
				37F860F7276B3B2C002AEA83 /* ContentView.swift in Sources */,
				37F00315277477DE001BB0ED /* MapView.swift in Sources */,
				37F860F5276B3B2C002AEA83 /* LandmarksApp.swift in Sources */,
				37F86107276B40D7002AEA83 /* CircleImage.swift in Sources */,
			);
			runOnlyForDeploymentPostprocessing = 0;
		};
		37F860EE276B3B2C002AEA83 /* Sources */ = {
			isa = PBXSourcesBuildPhase;
			buildActionMask = 2147483647;
			files = (
				37F860F8276B3B2C002AEA83 /* ContentView.swift in Sources */,
				37F00316277477DE001BB0ED /* MapView.swift in Sources */,
				37F860F6276B3B2C002AEA83 /* LandmarksApp.swift in Sources */,
				37F86108276B40D7002AEA83 /* CircleImage.swift in Sources */,
			);
			runOnlyForDeploymentPostprocessing = 0;
		};
/* End PBXSourcesBuildPhase section */

/* Begin XCBuildConfiguration section */
		37F860FB276B3B2C002AEA83 /* Debug */ = {
			isa = XCBuildConfiguration;
			buildSettings = {
				ALWAYS_SEARCH_USER_PATHS = NO;
				CLANG_ANALYZER_NONNULL = YES;
				CLANG_ANALYZER_NUMBER_OBJECT_CONVERSION = YES_AGGRESSIVE;
				CLANG_CXX_LANGUAGE_STANDARD = "gnu++17";
				CLANG_CXX_LIBRARY = "libc++";
				CLANG_ENABLE_MODULES = YES;
				CLANG_ENABLE_OBJC_ARC = YES;
				CLANG_ENABLE_OBJC_WEAK = YES;
				CLANG_WARN_BLOCK_CAPTURE_AUTORELEASING = YES;
				CLANG_WARN_BOOL_CONVERSION = YES;
				CLANG_WARN_COMMA = YES;
				CLANG_WARN_CONSTANT_CONVERSION = YES;
				CLANG_WARN_DEPRECATED_OBJC_IMPLEMENTATIONS = YES;
				CLANG_WARN_DIRECT_OBJC_ISA_USAGE = YES_ERROR;
				CLANG_WARN_DOCUMENTATION_COMMENTS = YES;
				CLANG_WARN_EMPTY_BODY = YES;
				CLANG_WARN_ENUM_CONVERSION = YES;
				CLANG_WARN_INFINITE_RECURSION = YES;
				CLANG_WARN_INT_CONVERSION = YES;
				CLANG_WARN_NON_LITERAL_NULL_CONVERSION = YES;
				CLANG_WARN_OBJC_IMPLICIT_RETAIN_SELF = YES;
				CLANG_WARN_OBJC_LITERAL_CONVERSION = YES;
				CLANG_WARN_OBJC_ROOT_CLASS = YES_ERROR;
				CLANG_WARN_QUOTED_INCLUDE_IN_FRAMEWORK_HEADER = YES;
				CLANG_WARN_RANGE_LOOP_ANALYSIS = YES;
				CLANG_WARN_STRICT_PROTOTYPES = YES;
				CLANG_WARN_SUSPICIOUS_MOVE = YES;
				CLANG_WARN_UNGUARDED_AVAILABILITY = YES_AGGRESSIVE;
				CLANG_WARN_UNREACHABLE_CODE = YES;
				CLANG_WARN__DUPLICATE_METHOD_MATCH = YES;
				COPY_PHASE_STRIP = NO;
				DEBUG_INFORMATION_FORMAT = dwarf;
				ENABLE_STRICT_OBJC_MSGSEND = YES;
				ENABLE_TESTABILITY = YES;
				GCC_C_LANGUAGE_STANDARD = gnu11;
				GCC_DYNAMIC_NO_PIC = NO;
				GCC_NO_COMMON_BLOCKS = YES;
				GCC_OPTIMIZATION_LEVEL = 0;
				GCC_PREPROCESSOR_DEFINITIONS = (
					"DEBUG=1",
					"$(inherited)",
				);
				GCC_WARN_64_TO_32_BIT_CONVERSION = YES;
				GCC_WARN_ABOUT_RETURN_TYPE = YES_ERROR;
				GCC_WARN_UNDECLARED_SELECTOR = YES;
				GCC_WARN_UNINITIALIZED_AUTOS = YES_AGGRESSIVE;
				GCC_WARN_UNUSED_FUNCTION = YES;
				GCC_WARN_UNUSED_VARIABLE = YES;
				MTL_ENABLE_DEBUG_INFO = INCLUDE_SOURCE;
				MTL_FAST_MATH = YES;
				ONLY_ACTIVE_ARCH = YES;
				SWIFT_ACTIVE_COMPILATION_CONDITIONS = DEBUG;
				SWIFT_OPTIMIZATION_LEVEL = "-Onone";
			};
			name = Debug;
		};
		37F860FC276B3B2C002AEA83 /* Release */ = {
			isa = XCBuildConfiguration;
			buildSettings = {
				ALWAYS_SEARCH_USER_PATHS = NO;
				CLANG_ANALYZER_NONNULL = YES;
				CLANG_ANALYZER_NUMBER_OBJECT_CONVERSION = YES_AGGRESSIVE;
				CLANG_CXX_LANGUAGE_STANDARD = "gnu++17";
				CLANG_CXX_LIBRARY = "libc++";
				CLANG_ENABLE_MODULES = YES;
				CLANG_ENABLE_OBJC_ARC = YES;
				CLANG_ENABLE_OBJC_WEAK = YES;
				CLANG_WARN_BLOCK_CAPTURE_AUTORELEASING = YES;
				CLANG_WARN_BOOL_CONVERSION = YES;
				CLANG_WARN_COMMA = YES;
				CLANG_WARN_CONSTANT_CONVERSION = YES;
				CLANG_WARN_DEPRECATED_OBJC_IMPLEMENTATIONS = YES;
				CLANG_WARN_DIRECT_OBJC_ISA_USAGE = YES_ERROR;
				CLANG_WARN_DOCUMENTATION_COMMENTS = YES;
				CLANG_WARN_EMPTY_BODY = YES;
				CLANG_WARN_ENUM_CONVERSION = YES;
				CLANG_WARN_INFINITE_RECURSION = YES;
				CLANG_WARN_INT_CONVERSION = YES;
				CLANG_WARN_NON_LITERAL_NULL_CONVERSION = YES;
				CLANG_WARN_OBJC_IMPLICIT_RETAIN_SELF = YES;
				CLANG_WARN_OBJC_LITERAL_CONVERSION = YES;
				CLANG_WARN_OBJC_ROOT_CLASS = YES_ERROR;
				CLANG_WARN_QUOTED_INCLUDE_IN_FRAMEWORK_HEADER = YES;
				CLANG_WARN_RANGE_LOOP_ANALYSIS = YES;
				CLANG_WARN_STRICT_PROTOTYPES = YES;
				CLANG_WARN_SUSPICIOUS_MOVE = YES;
				CLANG_WARN_UNGUARDED_AVAILABILITY = YES_AGGRESSIVE;
				CLANG_WARN_UNREACHABLE_CODE = YES;
				CLANG_WARN__DUPLICATE_METHOD_MATCH = YES;
				COPY_PHASE_STRIP = NO;
				DEBUG_INFORMATION_FORMAT = "dwarf-with-dsym";
				ENABLE_NS_ASSERTIONS = NO;
				ENABLE_STRICT_OBJC_MSGSEND = YES;
				GCC_C_LANGUAGE_STANDARD = gnu11;
				GCC_NO_COMMON_BLOCKS = YES;
				GCC_WARN_64_TO_32_BIT_CONVERSION = YES;
				GCC_WARN_ABOUT_RETURN_TYPE = YES_ERROR;
				GCC_WARN_UNDECLARED_SELECTOR = YES;
				GCC_WARN_UNINITIALIZED_AUTOS = YES_AGGRESSIVE;
				GCC_WARN_UNUSED_FUNCTION = YES;
				GCC_WARN_UNUSED_VARIABLE = YES;
				MTL_ENABLE_DEBUG_INFO = NO;
				MTL_FAST_MATH = YES;
				SWIFT_COMPILATION_MODE = wholemodule;
				SWIFT_OPTIMIZATION_LEVEL = "-O";
			};
			name = Release;
		};
		37F860FE276B3B2C002AEA83 /* Debug */ = {
			isa = XCBuildConfiguration;
			buildSettings = {
				ASSETCATALOG_COMPILER_APPICON_NAME = AppIcon;
				ASSETCATALOG_COMPILER_GLOBAL_ACCENT_COLOR_NAME = AccentColor;
				CODE_SIGN_STYLE = Automatic;
				CURRENT_PROJECT_VERSION = 1;
				DEVELOPMENT_TEAM = R86XHLF956;
				ENABLE_PREVIEWS = YES;
				GENERATE_INFOPLIST_FILE = YES;
				INFOPLIST_KEY_UIApplicationSceneManifest_Generation = YES;
				INFOPLIST_KEY_UIApplicationSupportsIndirectInputEvents = YES;
				INFOPLIST_KEY_UILaunchScreen_Generation = YES;
				INFOPLIST_KEY_UISupportedInterfaceOrientations_iPad = "UIInterfaceOrientationPortrait UIInterfaceOrientationPortraitUpsideDown UIInterfaceOrientationLandscapeLeft UIInterfaceOrientationLandscapeRight";
				INFOPLIST_KEY_UISupportedInterfaceOrientations_iPhone = "UIInterfaceOrientationPortrait UIInterfaceOrientationLandscapeLeft UIInterfaceOrientationLandscapeRight";
				IPHONEOS_DEPLOYMENT_TARGET = 15.0;
				LD_RUNPATH_SEARCH_PATHS = (
					"$(inherited)",
					"@executable_path/Frameworks",
				);
				MARKETING_VERSION = 1.0;
				PRODUCT_BUNDLE_IDENTIFIER = "Jose-Martin.Landmarks";
				PRODUCT_NAME = Landmarks;
				SDKROOT = iphoneos;
				SWIFT_EMIT_LOC_STRINGS = YES;
				SWIFT_VERSION = 5.0;
				TARGETED_DEVICE_FAMILY = "1,2";
			};
			name = Debug;
		};
		37F860FF276B3B2C002AEA83 /* Release */ = {
			isa = XCBuildConfiguration;
			buildSettings = {
				ASSETCATALOG_COMPILER_APPICON_NAME = AppIcon;
				ASSETCATALOG_COMPILER_GLOBAL_ACCENT_COLOR_NAME = AccentColor;
				CODE_SIGN_STYLE = Automatic;
				CURRENT_PROJECT_VERSION = 1;
				DEVELOPMENT_TEAM = R86XHLF956;
				ENABLE_PREVIEWS = YES;
				GENERATE_INFOPLIST_FILE = YES;
				INFOPLIST_KEY_UIApplicationSceneManifest_Generation = YES;
				INFOPLIST_KEY_UIApplicationSupportsIndirectInputEvents = YES;
				INFOPLIST_KEY_UILaunchScreen_Generation = YES;
				INFOPLIST_KEY_UISupportedInterfaceOrientations_iPad = "UIInterfaceOrientationPortrait UIInterfaceOrientationPortraitUpsideDown UIInterfaceOrientationLandscapeLeft UIInterfaceOrientationLandscapeRight";
				INFOPLIST_KEY_UISupportedInterfaceOrientations_iPhone = "UIInterfaceOrientationPortrait UIInterfaceOrientationLandscapeLeft UIInterfaceOrientationLandscapeRight";
				IPHONEOS_DEPLOYMENT_TARGET = 15.0;
				LD_RUNPATH_SEARCH_PATHS = (
					"$(inherited)",
					"@executable_path/Frameworks",
				);
				MARKETING_VERSION = 1.0;
				PRODUCT_BUNDLE_IDENTIFIER = "Jose-Martin.Landmarks";
				PRODUCT_NAME = Landmarks;
				SDKROOT = iphoneos;
				SWIFT_EMIT_LOC_STRINGS = YES;
				SWIFT_VERSION = 5.0;
				TARGETED_DEVICE_FAMILY = "1,2";
				VALIDATE_PRODUCT = YES;
			};
			name = Release;
		};
		37F86101276B3B2C002AEA83 /* Debug */ = {
			isa = XCBuildConfiguration;
			buildSettings = {
				ASSETCATALOG_COMPILER_APPICON_NAME = AppIcon;
				ASSETCATALOG_COMPILER_GLOBAL_ACCENT_COLOR_NAME = AccentColor;
				CODE_SIGN_ENTITLEMENTS = macOS/macOS.entitlements;
				CODE_SIGN_STYLE = Automatic;
				COMBINE_HIDPI_IMAGES = YES;
				CURRENT_PROJECT_VERSION = 1;
				DEVELOPMENT_TEAM = R86XHLF956;
				ENABLE_HARDENED_RUNTIME = YES;
				ENABLE_PREVIEWS = YES;
				GENERATE_INFOPLIST_FILE = YES;
				INFOPLIST_KEY_NSHumanReadableCopyright = "";
				LD_RUNPATH_SEARCH_PATHS = (
					"$(inherited)",
					"@executable_path/../Frameworks",
				);
				MACOSX_DEPLOYMENT_TARGET = 12.0;
				MARKETING_VERSION = 1.0;
				PRODUCT_BUNDLE_IDENTIFIER = "Jose-Martin.Landmarks";
				PRODUCT_NAME = Landmarks;
				SDKROOT = macosx;
				SWIFT_EMIT_LOC_STRINGS = YES;
				SWIFT_VERSION = 5.0;
			};
			name = Debug;
		};
		37F86102276B3B2C002AEA83 /* Release */ = {
			isa = XCBuildConfiguration;
			buildSettings = {
				ASSETCATALOG_COMPILER_APPICON_NAME = AppIcon;
				ASSETCATALOG_COMPILER_GLOBAL_ACCENT_COLOR_NAME = AccentColor;
				CODE_SIGN_ENTITLEMENTS = macOS/macOS.entitlements;
				CODE_SIGN_STYLE = Automatic;
				COMBINE_HIDPI_IMAGES = YES;
				CURRENT_PROJECT_VERSION = 1;
				DEVELOPMENT_TEAM = R86XHLF956;
				ENABLE_HARDENED_RUNTIME = YES;
				ENABLE_PREVIEWS = YES;
				GENERATE_INFOPLIST_FILE = YES;
				INFOPLIST_KEY_NSHumanReadableCopyright = "";
				LD_RUNPATH_SEARCH_PATHS = (
					"$(inherited)",
					"@executable_path/../Frameworks",
				);
				MACOSX_DEPLOYMENT_TARGET = 12.0;
				MARKETING_VERSION = 1.0;
				PRODUCT_BUNDLE_IDENTIFIER = "Jose-Martin.Landmarks";
				PRODUCT_NAME = Landmarks;
				SDKROOT = macosx;
				SWIFT_EMIT_LOC_STRINGS = YES;
				SWIFT_VERSION = 5.0;
			};
			name = Release;
		};
/* End XCBuildConfiguration section */

/* Begin XCConfigurationList section */
		37F860E3276B3B2B002AEA83 /* Build configuration list for PBXProject "Landmarks" */ = {
			isa = XCConfigurationList;
			buildConfigurations = (
				37F860FB276B3B2C002AEA83 /* Debug */,
				37F860FC276B3B2C002AEA83 /* Release */,
			);
			defaultConfigurationIsVisible = 0;
			defaultConfigurationName = Release;
		};
		37F860FD276B3B2C002AEA83 /* Build configuration list for PBXNativeTarget "Landmarks (iOS)" */ = {
			isa = XCConfigurationList;
			buildConfigurations = (
				37F860FE276B3B2C002AEA83 /* Debug */,
				37F860FF276B3B2C002AEA83 /* Release */,
			);
			defaultConfigurationIsVisible = 0;
			defaultConfigurationName = Release;
		};
		37F86100276B3B2C002AEA83 /* Build configuration list for PBXNativeTarget "Landmarks (macOS)" */ = {
			isa = XCConfigurationList;
			buildConfigurations = (
				37F86101276B3B2C002AEA83 /* Debug */,
				37F86102276B3B2C002AEA83 /* Release */,
			);
			defaultConfigurationIsVisible = 0;
			defaultConfigurationName = Release;
		};
/* End XCConfigurationList section */
	};
	rootObject = 37F860E0276B3B2B002AEA83 /* Project object */;
}
